
Microsoft Visual Studio Solution File, Format Version 12.00
Project("{FAE04EC0-301F-11D3-BF4B-00C04F79EFBC}") = "GenFactory.Generator", "GenFactory.Generator\GenFactory.Generator.csproj", "{92F1D444-9596-46F2-8D4A-6CAC8F509223}"
EndProject
Project("{FAE04EC0-301F-11D3-BF4B-00C04F79EFBC}") = "GenFactory.Tests", "GenFactory.Tests\GenFactory.Tests.csproj", "{284739A0-34C9-4D23-BEC4-CE64DE722AB8}"
EndProject
Project("{FAE04EC0-301F-11D3-BF4B-00C04F79EFBC}") = "GenFactory.Attributes", "GenFactory.Attributes\GenFactory.Attributes.csproj", "{6C1B6D9E-6E64-4C63-9A8F-6B5E6B6E2B1A}"
EndProject
Global
	GlobalSection(SolutionConfigurationPlatforms) = preSolution
		Debug|Any CPU = Debug|Any CPU
		Release|Any CPU = Release|Any CPU
	EndGlobalSection
	GlobalSection(ProjectConfigurationPlatforms) = postSolution
		{92F1D444-9596-46F2-8D4A-6CAC8F509223}.Debug|Any CPU.ActiveCfg = Debug|Any CPU
		{92F1D444-9596-46F2-8D4A-6CAC8F509223}.Debug|Any CPU.Build.0 = Debug|Any CPU
		{92F1D444-9596-46F2-8D4A-6CAC8F509223}.Release|Any CPU.ActiveCfg = Release|Any CPU
		{92F1D444-9596-46F2-8D4A-6CAC8F509223}.Release|Any CPU.Build.0 = Release|Any CPU
		{284739A0-34C9-4D23-BEC4-CE64DE722AB8}.Debug|Any CPU.ActiveCfg = Debug|Any CPU
		{284739A0-34C9-4D23-BEC4-CE64DE722AB8}.Debug|Any CPU.Build.0 = Debug|Any CPU
		{284739A0-34C9-4D23-BEC4-CE64DE722AB8}.Release|Any CPU.ActiveCfg = Release|Any CPU
		{284739A0-34C9-4D23-BEC4-CE64DE722AB8}.Release|Any CPU.Build.0 = Release|Any CPU
		{6C1B6D9E-6E64-4C63-9A8F-6B5E6B6E2B1A}.Debug|Any CPU.ActiveCfg = Debug|Any CPU
		{6C1B6D9E-6E64-4C63-9A8F-6B5E6B6E2B1A}.Debug|Any CPU.Build.0 = Debug|Any CPU
		{6C1B6D9E-6E64-4C63-9A8F-6B5E6B6E2B1A}.Release|Any CPU.ActiveCfg = Release|Any CPU
		{6C1B6D9E-6E64-4C63-9A8F-6B5E6B6E2B1A}.Release|Any CPU.Build.0 = Release|Any CPU
	EndGlobalSection
EndGlobal
